
Microsoft Visual Studio Solution File, Format Version 12.00
# Visual Studio Version 17
VisualStudioVersion = 17.8.34330.188
MinimumVisualStudioVersion = 10.0.40219.1
Project("{9A19103F-16F7-4668-BE54-9A1E7A4F7556}") = "scomp.main.console.logparser", "scomp.console.log4netlogparser\scomp.main.console.logparser.csproj", "{B36486D5-57D7-49F1-A4AF-3AE274748780}"
EndProject
Project("{FAE04EC0-301F-11D3-BF4B-00C04F79EFBC}") = "scomp.main.console.contracts", "scomp.main.console.contracts\scomp.main.console.contracts.csproj", "{0676798B-CD0A-4215-9D46-9507BED20AB4}"
EndProject
Global
	GlobalSection(SolutionConfigurationPlatforms) = preSolution
		Debug|Any CPU = Debug|Any CPU
		Release|Any CPU = Release|Any CPU
	EndGlobalSection
	GlobalSection(ProjectConfigurationPlatforms) = postSolution
		{B36486D5-57D7-49F1-A4AF-3AE274748780}.Debug|Any CPU.ActiveCfg = Debug|Any CPU
		{B36486D5-57D7-49F1-A4AF-3AE274748780}.Debug|Any CPU.Build.0 = Debug|Any CPU
		{B36486D5-57D7-49F1-A4AF-3AE274748780}.Release|Any CPU.ActiveCfg = Release|Any CPU
		{B36486D5-57D7-49F1-A4AF-3AE274748780}.Release|Any CPU.Build.0 = Release|Any CPU
		{0676798B-CD0A-4215-9D46-9507BED20AB4}.Debug|Any CPU.ActiveCfg = Debug|Any CPU
		{0676798B-CD0A-4215-9D46-9507BED20AB4}.Debug|Any CPU.Build.0 = Debug|Any CPU
		{0676798B-CD0A-4215-9D46-9507BED20AB4}.Release|Any CPU.ActiveCfg = Release|Any CPU
		{0676798B-CD0A-4215-9D46-9507BED20AB4}.Release|Any CPU.Build.0 = Release|Any CPU
	EndGlobalSection
	GlobalSection(SolutionProperties) = preSolution
		HideSolutionNode = FALSE
	EndGlobalSection
	GlobalSection(ExtensibilityGlobals) = postSolution
		SolutionGuid = {828D304A-8A20-4B94-9F33-89159E3610BC}
	EndGlobalSection
EndGlobal
